// !$*UTF8*$!
{
	archiveVersion = 1;
	classes = {
	};
	objectVersion = 46;
	objects = {

/* Begin PBXBuildFile section */
		894F871F1D5D5AD300EB2B16 /* main.m in Sources */ = {isa = PBXBuildFile; fileRef = 894F871E1D5D5AD300EB2B16 /* main.m */; };
		894F87221D5D5AD300EB2B16 /* AppDelegate.m in Sources */ = {isa = PBXBuildFile; fileRef = 894F87211D5D5AD300EB2B16 /* AppDelegate.m */; };
		894F87251D5D5AD300EB2B16 /* ViewController.m in Sources */ = {isa = PBXBuildFile; fileRef = 894F87241D5D5AD300EB2B16 /* ViewController.m */; };
		894F872A1D5D5AD300EB2B16 /* Assets.xcassets in Resources */ = {isa = PBXBuildFile; fileRef = 894F87291D5D5AD300EB2B16 /* Assets.xcassets */; };
		894F872D1D5D5AD300EB2B16 /* LaunchScreen.storyboard in Resources */ = {isa = PBXBuildFile; fileRef = 894F872B1D5D5AD300EB2B16 /* LaunchScreen.storyboard */; };
		894F87361D5ECA6600EB2B16 /* Model.m in Sources */ = {isa = PBXBuildFile; fileRef = 894F87351D5ECA6600EB2B16 /* Model.m */; };
		894F87391D5ECD0A00EB2B16 /* Note.m in Sources */ = {isa = PBXBuildFile; fileRef = 894F87381D5ECD0A00EB2B16 /* Note.m */; };
		CCF3A03620D95A004A5ED27A /* libPods-Notes.a in Frameworks */ = {isa = PBXBuildFile; fileRef = 3A5C2E82BB5E37631C9FAC5C /* libPods-Notes.a */; };
/* End PBXBuildFile section */

/* Begin PBXFileReference section */
		3A5C2E82BB5E37631C9FAC5C /* libPods-Notes.a */ = {isa = PBXFileReference; explicitFileType = archive.ar; includeInIndex = 0; path = "libPods-Notes.a"; sourceTree = BUILT_PRODUCTS_DIR; };
		894F871A1D5D5AD300EB2B16 /* Notes.app */ = {isa = PBXFileReference; explicitFileType = wrapper.application; includeInIndex = 0; path = Notes.app; sourceTree = BUILT_PRODUCTS_DIR; };
		894F871E1D5D5AD300EB2B16 /* main.m */ = {isa = PBXFileReference; lastKnownFileType = sourcecode.c.objc; path = main.m; sourceTree = "<group>"; };
		894F87201D5D5AD300EB2B16 /* AppDelegate.h */ = {isa = PBXFileReference; lastKnownFileType = sourcecode.c.h; path = AppDelegate.h; sourceTree = "<group>"; };
		894F87211D5D5AD300EB2B16 /* AppDelegate.m */ = {isa = PBXFileReference; lastKnownFileType = sourcecode.c.objc; path = AppDelegate.m; sourceTree = "<group>"; };
		894F87231D5D5AD300EB2B16 /* ViewController.h */ = {isa = PBXFileReference; lastKnownFileType = sourcecode.c.h; path = ViewController.h; sourceTree = "<group>"; };
		894F87241D5D5AD300EB2B16 /* ViewController.m */ = {isa = PBXFileReference; lastKnownFileType = sourcecode.c.objc; path = ViewController.m; sourceTree = "<group>"; };
		894F87291D5D5AD300EB2B16 /* Assets.xcassets */ = {isa = PBXFileReference; lastKnownFileType = folder.assetcatalog; path = Assets.xcassets; sourceTree = "<group>"; };
		894F872C1D5D5AD300EB2B16 /* Base */ = {isa = PBXFileReference; lastKnownFileType = file.storyboard; name = Base; path = Base.lproj/LaunchScreen.storyboard; sourceTree = "<group>"; };
		894F872E1D5D5AD300EB2B16 /* Info.plist */ = {isa = PBXFileReference; lastKnownFileType = text.plist.xml; path = Info.plist; sourceTree = "<group>"; };
		894F87341D5ECA6600EB2B16 /* Model.h */ = {isa = PBXFileReference; fileEncoding = 4; lastKnownFileType = sourcecode.c.h; path = Model.h; sourceTree = "<group>"; };
		894F87351D5ECA6600EB2B16 /* Model.m */ = {isa = PBXFileReference; fileEncoding = 4; lastKnownFileType = sourcecode.c.objc; path = Model.m; sourceTree = "<group>"; };
		894F87371D5ECD0A00EB2B16 /* Note.h */ = {isa = PBXFileReference; fileEncoding = 4; lastKnownFileType = sourcecode.c.h; path = Note.h; sourceTree = "<group>"; };
		894F87381D5ECD0A00EB2B16 /* Note.m */ = {isa = PBXFileReference; fileEncoding = 4; lastKnownFileType = sourcecode.c.objc; path = Note.m; sourceTree = "<group>"; };
		D944841BBF5C8E7291735C58 /* Pods-Notes.debug.xcconfig */ = {isa = PBXFileReference; includeInIndex = 1; lastKnownFileType = text.xcconfig; name = "Pods-Notes.debug.xcconfig"; path = "Pods/Target Support Files/Pods-Notes/Pods-Notes.debug.xcconfig"; sourceTree = "<group>"; };
		E77173AA87C51D1E5DBFF978 /* Pods-Notes.release.xcconfig */ = {isa = PBXFileReference; includeInIndex = 1; lastKnownFileType = text.xcconfig; name = "Pods-Notes.release.xcconfig"; path = "Pods/Target Support Files/Pods-Notes/Pods-Notes.release.xcconfig"; sourceTree = "<group>"; };
/* End PBXFileReference section */

/* Begin PBXFrameworksBuildPhase section */
		894F87171D5D5AD300EB2B16 /* Frameworks */ = {
			isa = PBXFrameworksBuildPhase;
			buildActionMask = 2147483647;
			files = (
				CCF3A03620D95A004A5ED27A /* libPods-Notes.a in Frameworks */,
			);
			runOnlyForDeploymentPostprocessing = 0;
		};
/* End PBXFrameworksBuildPhase section */

/* Begin PBXGroup section */
		3EB684B5A7A3E94D8A235DE6 /* Pods */ = {
			isa = PBXGroup;
			children = (
				D944841BBF5C8E7291735C58 /* Pods-Notes.debug.xcconfig */,
				E77173AA87C51D1E5DBFF978 /* Pods-Notes.release.xcconfig */,
			);
			name = Pods;
			sourceTree = "<group>";
		};
		894F87111D5D5AD300EB2B16 = {
			isa = PBXGroup;
			children = (
				894F871C1D5D5AD300EB2B16 /* Notes */,
				894F871B1D5D5AD300EB2B16 /* Products */,
				3EB684B5A7A3E94D8A235DE6 /* Pods */,
				AB20ECD3809C9A77A9F9F017 /* Frameworks */,
			);
			sourceTree = "<group>";
		};
		894F871B1D5D5AD300EB2B16 /* Products */ = {
			isa = PBXGroup;
			children = (
				894F871A1D5D5AD300EB2B16 /* Notes.app */,
			);
			name = Products;
			sourceTree = "<group>";
		};
		894F871C1D5D5AD300EB2B16 /* Notes */ = {
			isa = PBXGroup;
			children = (
				894F87341D5ECA6600EB2B16 /* Model.h */,
				894F87371D5ECD0A00EB2B16 /* Note.h */,
				894F87381D5ECD0A00EB2B16 /* Note.m */,
				894F87351D5ECA6600EB2B16 /* Model.m */,
				894F87201D5D5AD300EB2B16 /* AppDelegate.h */,
				894F87211D5D5AD300EB2B16 /* AppDelegate.m */,
				894F87231D5D5AD300EB2B16 /* ViewController.h */,
				894F87241D5D5AD300EB2B16 /* ViewController.m */,
				894F87291D5D5AD300EB2B16 /* Assets.xcassets */,
				894F872B1D5D5AD300EB2B16 /* LaunchScreen.storyboard */,
				894F872E1D5D5AD300EB2B16 /* Info.plist */,
				894F871D1D5D5AD300EB2B16 /* Supporting Files */,
			);
			path = Notes;
			sourceTree = "<group>";
		};
		894F871D1D5D5AD300EB2B16 /* Supporting Files */ = {
			isa = PBXGroup;
			children = (
				894F871E1D5D5AD300EB2B16 /* main.m */,
			);
			name = "Supporting Files";
			sourceTree = "<group>";
		};
		AB20ECD3809C9A77A9F9F017 /* Frameworks */ = {
			isa = PBXGroup;
			children = (
				3A5C2E82BB5E37631C9FAC5C /* libPods-Notes.a */,
			);
			name = Frameworks;
			sourceTree = "<group>";
		};
/* End PBXGroup section */

/* Begin PBXNativeTarget section */
		894F87191D5D5AD300EB2B16 /* Notes */ = {
			isa = PBXNativeTarget;
			buildConfigurationList = 894F87311D5D5AD300EB2B16 /* Build configuration list for PBXNativeTarget "Notes" */;
			buildPhases = (
				59F3DEED984022DB529C52AE /* [CP] Check Pods Manifest.lock */,
				894F87161D5D5AD300EB2B16 /* Sources */,
				894F87171D5D5AD300EB2B16 /* Frameworks */,
				894F87181D5D5AD300EB2B16 /* Resources */,
				F40C9DE992C9CFFE39F5ABC9 /* [CP] Embed Pods Frameworks */,
				D693DFD9DBC5F98F612E2AD7 /* [CP] Copy Pods Resources */,
			);
			buildRules = (
			);
			dependencies = (
			);
			name = Notes;
			productName = Notes;
			productReference = 894F871A1D5D5AD300EB2B16 /* Notes.app */;
			productType = "com.apple.product-type.application";
		};
/* End PBXNativeTarget section */

/* Begin PBXProject section */
		894F87121D5D5AD300EB2B16 /* Project object */ = {
			isa = PBXProject;
			attributes = {
				LastUpgradeCheck = 0720;
				ORGANIZATIONNAME = Thinkful;
				TargetAttributes = {
					894F87191D5D5AD300EB2B16 = {
						CreatedOnToolsVersion = 7.2.1;
						DevelopmentTeam = 5P2MA4UM2J;
					};
				};
			};
			buildConfigurationList = 894F87151D5D5AD300EB2B16 /* Build configuration list for PBXProject "Notes" */;
			compatibilityVersion = "Xcode 3.2";
			developmentRegion = English;
			hasScannedForEncodings = 0;
			knownRegions = (
				en,
				Base,
			);
			mainGroup = 894F87111D5D5AD300EB2B16;
			productRefGroup = 894F871B1D5D5AD300EB2B16 /* Products */;
			projectDirPath = "";
			projectRoot = "";
			targets = (
				894F87191D5D5AD300EB2B16 /* Notes */,
			);
		};
/* End PBXProject section */

/* Begin PBXResourcesBuildPhase section */
		894F87181D5D5AD300EB2B16 /* Resources */ = {
			isa = PBXResourcesBuildPhase;
			buildActionMask = 2147483647;
			files = (
				894F872D1D5D5AD300EB2B16 /* LaunchScreen.storyboard in Resources */,
				894F872A1D5D5AD300EB2B16 /* Assets.xcassets in Resources */,
			);
			runOnlyForDeploymentPostprocessing = 0;
		};
/* End PBXResourcesBuildPhase section */

/* Begin PBXShellScriptBuildPhase section */
		59F3DEED984022DB529C52AE /* [CP] Check Pods Manifest.lock */ = {
			isa = PBXShellScriptBuildPhase;
			buildActionMask = 2147483647;
			files = (
			);
			inputPaths = (
			);
			name = "[CP] Check Pods Manifest.lock";
			outputPaths = (
			);
			runOnlyForDeploymentPostprocessing = 0;
			shellPath = /bin/sh;
			shellScript = "diff \"${PODS_ROOT}/../Podfile.lock\" \"${PODS_ROOT}/Manifest.lock\" > /dev/null\nif [[ $? != 0 ]] ; then\n    cat << EOM\nerror: The sandbox is not in sync with the Podfile.lock. Run 'pod install' or update your CocoaPods installation.\nEOM\n    exit 1\nfi\n";
			showEnvVarsInLog = 0;
		};
		D693DFD9DBC5F98F612E2AD7 /* [CP] Copy Pods Resources */ = {
			isa = PBXShellScriptBuildPhase;
			buildActionMask = 2147483647;
			files = (
			);
			inputPaths = (
			);
			name = "[CP] Copy Pods Resources";
			outputPaths = (
			);
			runOnlyForDeploymentPostprocessing = 0;
			shellPath = /bin/sh;
			shellScript = "\"${SRCROOT}/Pods/Target Support Files/Pods-Notes/Pods-Notes-resources.sh\"\n";
			showEnvVarsInLog = 0;
		};
		F40C9DE992C9CFFE39F5ABC9 /* [CP] Embed Pods Frameworks */ = {
			isa = PBXShellScriptBuildPhase;
			buildActionMask = 2147483647;
			files = (
			);
			inputPaths = (
			);
			name = "[CP] Embed Pods Frameworks";
			outputPaths = (
			);
			runOnlyForDeploymentPostprocessing = 0;
			shellPath = /bin/sh;
			shellScript = "\"${SRCROOT}/Pods/Target Support Files/Pods-Notes/Pods-Notes-frameworks.sh\"\n";
			showEnvVarsInLog = 0;
		};
/* End PBXShellScriptBuildPhase section */

/* Begin PBXSourcesBuildPhase section */
		894F87161D5D5AD300EB2B16 /* Sources */ = {
			isa = PBXSourcesBuildPhase;
			buildActionMask = 2147483647;
			files = (
				894F87391D5ECD0A00EB2B16 /* Note.m in Sources */,
				894F87251D5D5AD300EB2B16 /* ViewController.m in Sources */,
				894F87221D5D5AD300EB2B16 /* AppDelegate.m in Sources */,
				894F871F1D5D5AD300EB2B16 /* main.m in Sources */,
				894F87361D5ECA6600EB2B16 /* Model.m in Sources */,
			);
			runOnlyForDeploymentPostprocessing = 0;
		};
/* End PBXSourcesBuildPhase section */

/* Begin PBXVariantGroup section */
		894F872B1D5D5AD300EB2B16 /* LaunchScreen.storyboard */ = {
			isa = PBXVariantGroup;
			children = (
				894F872C1D5D5AD300EB2B16 /* Base */,
			);
			name = LaunchScreen.storyboard;
			sourceTree = "<group>";
		};
/* End PBXVariantGroup section */

/* Begin XCBuildConfiguration section */
		894F872F1D5D5AD300EB2B16 /* Debug */ = {
			isa = XCBuildConfiguration;
			buildSettings = {
				ALWAYS_SEARCH_USER_PATHS = NO;
				CLANG_CXX_LANGUAGE_STANDARD = "gnu++0x";
				CLANG_CXX_LIBRARY = "libc++";
				CLANG_ENABLE_MODULES = YES;
				CLANG_ENABLE_OBJC_ARC = YES;
				CLANG_WARN_BOOL_CONVERSION = YES;
				CLANG_WARN_CONSTANT_CONVERSION = YES;
				CLANG_WARN_DIRECT_OBJC_ISA_USAGE = YES_ERROR;
				CLANG_WARN_EMPTY_BODY = YES;
				CLANG_WARN_ENUM_CONVERSION = YES;
				CLANG_WARN_INT_CONVERSION = YES;
				CLANG_WARN_OBJC_ROOT_CLASS = YES_ERROR;
				CLANG_WARN_UNREACHABLE_CODE = YES;
				CLANG_WARN__DUPLICATE_METHOD_MATCH = YES;
				"CODE_SIGN_IDENTITY[sdk=iphoneos*]" = "iPhone Developer";
				COPY_PHASE_STRIP = NO;
				DEBUG_INFORMATION_FORMAT = dwarf;
				ENABLE_STRICT_OBJC_MSGSEND = YES;
				ENABLE_TESTABILITY = YES;
				GCC_C_LANGUAGE_STANDARD = gnu99;
				GCC_DYNAMIC_NO_PIC = NO;
				GCC_NO_COMMON_BLOCKS = YES;
				GCC_OPTIMIZATION_LEVEL = 0;
				GCC_PREPROCESSOR_DEFINITIONS = (
					"DEBUG=1",
					"$(inherited)",
				);
				GCC_WARN_64_TO_32_BIT_CONVERSION = YES;
				GCC_WARN_ABOUT_RETURN_TYPE = YES_ERROR;
				GCC_WARN_UNDECLARED_SELECTOR = YES;
				GCC_WARN_UNINITIALIZED_AUTOS = YES_AGGRESSIVE;
				GCC_WARN_UNUSED_FUNCTION = YES;
				GCC_WARN_UNUSED_VARIABLE = YES;
				IPHONEOS_DEPLOYMENT_TARGET = 9.2;
				MTL_ENABLE_DEBUG_INFO = YES;
				ONLY_ACTIVE_ARCH = YES;
				SDKROOT = iphoneos;
			};
			name = Debug;
		};
		894F87301D5D5AD300EB2B16 /* Release */ = {
			isa = XCBuildConfiguration;
			buildSettings = {
				ALWAYS_SEARCH_USER_PATHS = NO;
				CLANG_CXX_LANGUAGE_STANDARD = "gnu++0x";
				CLANG_CXX_LIBRARY = "libc++";
				CLANG_ENABLE_MODULES = YES;
				CLANG_ENABLE_OBJC_ARC = YES;
				CLANG_WARN_BOOL_CONVERSION = YES;
				CLANG_WARN_CONSTANT_CONVERSION = YES;
				CLANG_WARN_DIRECT_OBJC_ISA_USAGE = YES_ERROR;
				CLANG_WARN_EMPTY_BODY = YES;
				CLANG_WARN_ENUM_CONVERSION = YES;
				CLANG_WARN_INT_CONVERSION = YES;
				CLANG_WARN_OBJC_ROOT_CLASS = YES_ERROR;
				CLANG_WARN_UNREACHABLE_CODE = YES;
				CLANG_WARN__DUPLICATE_METHOD_MATCH = YES;
				"CODE_SIGN_IDENTITY[sdk=iphoneos*]" = "iPhone Developer";
				COPY_PHASE_STRIP = NO;
				DEBUG_INFORMATION_FORMAT = "dwarf-with-dsym";
				ENABLE_NS_ASSERTIONS = NO;
				ENABLE_STRICT_OBJC_MSGSEND = YES;
				GCC_C_LANGUAGE_STANDARD = gnu99;
				GCC_NO_COMMON_BLOCKS = YES;
				GCC_WARN_64_TO_32_BIT_CONVERSION = YES;
				GCC_WARN_ABOUT_RETURN_TYPE = YES_ERROR;
				GCC_WARN_UNDECLARED_SELECTOR = YES;
				GCC_WARN_UNINITIALIZED_AUTOS = YES_AGGRESSIVE;
				GCC_WARN_UNUSED_FUNCTION = YES;
				GCC_WARN_UNUSED_VARIABLE = YES;
				IPHONEOS_DEPLOYMENT_TARGET = 9.2;
				MTL_ENABLE_DEBUG_INFO = NO;
				SDKROOT = iphoneos;
				VALIDATE_PRODUCT = YES;
			};
			name = Release;
		};
		894F87321D5D5AD300EB2B16 /* Debug */ = {
			isa = XCBuildConfiguration;
			baseConfigurationReference = D944841BBF5C8E7291735C58 /* Pods-Notes.debug.xcconfig */;
			buildSettings = {
				ASSETCATALOG_COMPILER_APPICON_NAME = AppIcon;
				INFOPLIST_FILE = Notes/Info.plist;
				LD_RUNPATH_SEARCH_PATHS = "$(inherited) @executable_path/Frameworks";
				PRODUCT_BUNDLE_IDENTIFIER = com.thinkful.Notes;
				PRODUCT_NAME = "$(TARGET_NAME)";
			};
			name = Debug;
		};
		894F87331D5D5AD300EB2B16 /* Release */ = {
			isa = XCBuildConfiguration;
			baseConfigurationReference = E77173AA87C51D1E5DBFF978 /* Pods-Notes.release.xcconfig */;
			buildSettings = {
				ASSETCATALOG_COMPILER_APPICON_NAME = AppIcon;
				INFOPLIST_FILE = Notes/Info.plist;
				LD_RUNPATH_SEARCH_PATHS = "$(inherited) @executable_path/Frameworks";
				PRODUCT_BUNDLE_IDENTIFIER = com.thinkful.Notes;
				PRODUCT_NAME = "$(TARGET_NAME)";
			};
			name = Release;
		};
/* End XCBuildConfiguration section */

/* Begin XCConfigurationList section */
		894F87151D5D5AD300EB2B16 /* Build configuration list for PBXProject "Notes" */ = {
			isa = XCConfigurationList;
			buildConfigurations = (
				894F872F1D5D5AD300EB2B16 /* Debug */,
				894F87301D5D5AD300EB2B16 /* Release */,
			);
			defaultConfigurationIsVisible = 0;
			defaultConfigurationName = Release;
		};
		894F87311D5D5AD300EB2B16 /* Build configuration list for PBXNativeTarget "Notes" */ = {
			isa = XCConfigurationList;
			buildConfigurations = (
				894F87321D5D5AD300EB2B16 /* Debug */,
				894F87331D5D5AD300EB2B16 /* Release */,
			);
			defaultConfigurationIsVisible = 0;
			defaultConfigurationName = Release;
		};
/* End XCConfigurationList section */
	};
	rootObject = 894F87121D5D5AD300EB2B16 /* Project object */;
}
